{
  "name": "@shapeshift-labs/frontier-policy",
  "version": "0.1.0",
  "lockfileVersion": 3,
  "requires": true,
  "packages": {
    "": {
      "name": "@shapeshift-labs/frontier-policy",
      "version": "0.1.0",
      "license": "MIT",
      "dependencies": {
        "@shapeshift-labs/frontier": "0.1.9"
      },
      "devDependencies": {
        "@casl/ability": "^7.0.0",
        "accesscontrol": "^2.2.1",
        "casbin": "^5.50.0",
        "typescript": "^6.0.3"
      },
      "engines": {
        "node": ">=18"
      }
    },
    "node_modules/@casbin/expression-eval": {
      "version": "5.3.0",
      "resolved": "https://registry.npmjs.org/@casbin/expression-eval/-/expression-eval-5.3.0.tgz",
      "integrity": "sha512-mMTHMYXcnBBv/zMvxMpcdVyt2bfw8Y0GnmRLbkFQ1CVJZb4XZp7xWjRh7ymOLuJdsu58rci9gmOOv/99DtJvPA==",
      "dev": true,
      "license": "MIT",
      "dependencies": {
        "jsep": "^0.3.0"
      }
    },
    "node_modules/@casl/ability": {
      "version": "7.0.0",
      "resolved": "https://registry.npmjs.org/@casl/ability/-/ability-7.0.0.tgz",
      "integrity": "sha512-QhwRflkTucpdS2uw1XScrzLWbgLYJGvPoq2Xm5OjeRci3dwtPixxnjUKJ04Ss1ivNS9tZQ8y4sjWeelWsrwo4g==",
      "dev": true,
      "license": "MIT",
      "dependencies": {
        "@ucast/mongo2js": "^2.0.0"
      },
      "funding": {
        "url": "https://github.com/stalniy/casl/blob/master/BACKERS.md"
      }
    },
    "node_modules/@shapeshift-labs/frontier": {
      "version": "0.1.9",
      "resolved": "https://registry.npmjs.org/@shapeshift-labs/frontier/-/frontier-0.1.9.tgz",
      "integrity": "sha512-uAPS5NL7Rfrq+w/9zDETcE7S4aHYvIFI+v7pt+z6eE2UwnFoYh8NxZKS1ueelZThqp7743JdvCzAarUoDn/SSA==",
      "license": "MIT",
      "engines": {
        "node": ">=18"
      }
    },
    "node_modules/@ucast/core": {
      "version": "2.0.0",
      "resolved": "https://registry.npmjs.org/@ucast/core/-/core-2.0.0.tgz",
      "integrity": "sha512-4XVx6LzPXZGvnZO5jp39cm/G4UvuwvEdtmg+9+4+zl6uFkCcB7UJacvtMYeBE56GJVT99Zqy6Pii7dGJq3Kz9Q==",
      "dev": true,
      "license": "Apache-2.0"
    },
    "node_modules/@ucast/js": {
      "version": "4.0.1",
      "resolved": "https://registry.npmjs.org/@ucast/js/-/js-4.0.1.tgz",
      "integrity": "sha512-9O5xPBvwEWQk2WvO69Eh2WJB8QljVZ2vRVdFvfnKjlZwWXcYxp1lqLBhwXBU1AtuSgCvKhJPkXdjKJggUmAmQQ==",
      "dev": true,
      "license": "Apache-2.0",
      "dependencies": {
        "@ucast/core": "2.0.0"
      }
    },
    "node_modules/@ucast/mongo": {
      "version": "3.0.0",
      "resolved": "https://registry.npmjs.org/@ucast/mongo/-/mongo-3.0.0.tgz",
      "integrity": "sha512-kwuSH+kdB4GCR0LGhy/PEDm4PCflur89AlK82kNiYD0FvsA8A/p+0sx7m+/R8mMFAlmlkAd3VXp7sM/cLLYWYg==",
      "dev": true,
      "license": "Apache-2.0",
      "dependencies": {
        "@ucast/core": "2.0.0"
      }
    },
    "node_modules/@ucast/mongo2js": {
      "version": "2.0.0",
      "resolved": "https://registry.npmjs.org/@ucast/mongo2js/-/mongo2js-2.0.0.tgz",
      "integrity": "sha512-vNBZzRnsfLr/TSxEoxz6W6hHQ5tmWsfEeC0nCq5z8RezC1AqIRy3cfHm8AGvlGtcn+cTSFQcZremfqnz6wm+nQ==",
      "dev": true,
      "license": "Apache-2.0",
      "dependencies": {
        "@ucast/core": "2.0.0",
        "@ucast/js": "4.0.1",
        "@ucast/mongo": "3.0.0"
      }
    },
    "node_modules/accesscontrol": {
      "version": "2.2.1",
      "resolved": "https://registry.npmjs.org/accesscontrol/-/accesscontrol-2.2.1.tgz",
      "integrity": "sha512-52EvFk/J9EF+w4mYQoKnOTkEMj01R1U5n2fc1dai6x1xkgOks3DGkx01qQL2cKFxGmE4Tn1krAU3jJA9L1NMkg==",
      "dev": true,
      "license": "MIT",
      "dependencies": {
        "notation": "^1.3.6"
      }
    },
    "node_modules/await-lock": {
      "version": "2.2.2",
      "resolved": "https://registry.npmjs.org/await-lock/-/await-lock-2.2.2.tgz",
      "integrity": "sha512-aDczADvlvTGajTDjcjpJMqRkOF6Qdz3YbPZm/PyW6tKPkx2hlYBzxMhEywM/tU72HrVZjgl5VCdRuMlA7pZ8Gw==",
      "dev": true,
      "license": "MIT"
    },
    "node_modules/balanced-match": {
      "version": "4.0.4",
      "resolved": "https://registry.npmjs.org/balanced-match/-/balanced-match-4.0.4.tgz",
      "integrity": "sha512-BLrgEcRTwX2o6gGxGOCNyMvGSp35YofuYzw9h1IMTRmKqttAZZVU67bdb9Pr2vUHA8+j3i2tJfjO6C6+4myGTA==",
      "dev": true,
      "license": "MIT",
      "engines": {
        "node": "18 || 20 || >=22"
      }
    },
    "node_modules/base64-js": {
      "version": "1.5.1",
      "resolved": "https://registry.npmjs.org/base64-js/-/base64-js-1.5.1.tgz",
      "integrity": "sha512-AKpaYlHn8t4SVbOHCy+b5+KKgvR4vrsD8vbvrbiQJps7fKDTkjkDry6ji0rUJjC0kzbNePLwzxq8iypo41qeWA==",
      "dev": true,
      "funding": [
        {
          "type": "github",
          "url": "https://github.com/sponsors/feross"
        },
        {
          "type": "patreon",
          "url": "https://www.patreon.com/feross"
        },
        {
          "type": "consulting",
          "url": "https://feross.org/support"
        }
      ],
      "license": "MIT"
    },
    "node_modules/brace-expansion": {
      "version": "5.0.6",
      "resolved": "https://registry.npmjs.org/brace-expansion/-/brace-expansion-5.0.6.tgz",
      "integrity": "sha512-kLpxurY4Z4r9sgMsyG0Z9uzsBlgiU/EFKhj/h91/8yHu0edo7XuixOIH3VcJ8kkxs6/jPzoI6U9Vj3WqbMQ94g==",
      "dev": true,
      "license": "MIT",
      "dependencies": {
        "balanced-match": "^4.0.2"
      },
      "engines": {
        "node": "18 || 20 || >=22"
      }
    },
    "node_modules/buffer": {
      "version": "6.0.3",
      "resolved": "https://registry.npmjs.org/buffer/-/buffer-6.0.3.tgz",
      "integrity": "sha512-FTiCpNxtwiZZHEZbcbTIcZjERVICn9yq/pDFkTl95/AxzD1naBctN7YO68riM/gLSDY7sdrMby8hofADYuuqOA==",
      "dev": true,
      "funding": [
        {
          "type": "github",
          "url": "https://github.com/sponsors/feross"
        },
        {
          "type": "patreon",
          "url": "https://www.patreon.com/feross"
        },
        {
          "type": "consulting",
          "url": "https://feross.org/support"
        }
      ],
      "license": "MIT",
      "dependencies": {
        "base64-js": "^1.3.1",
        "ieee754": "^1.2.1"
      }
    },
    "node_modules/casbin": {
      "version": "5.50.0",
      "resolved": "https://registry.npmjs.org/casbin/-/casbin-5.50.0.tgz",
      "integrity": "sha512-ikARwU4ln2/3SzyG8cxFwjXgHhjmieapt62LwaeKZ0VDsqZ2meq3BCaJuW2Ept0cVx3C4j+1C2G9Rh6e/Fl+mQ==",
      "dev": true,
      "license": "Apache-2.0",
      "dependencies": {
        "@casbin/expression-eval": "^5.3.0",
        "await-lock": "^2.0.1",
        "buffer": "^6.0.3",
        "csv-parse": "^5.5.6",
        "minimatch": "^10.2.1"
      }
    },
    "node_modules/csv-parse": {
      "version": "5.6.0",
      "resolved": "https://registry.npmjs.org/csv-parse/-/csv-parse-5.6.0.tgz",
      "integrity": "sha512-l3nz3euub2QMg5ouu5U09Ew9Wf6/wQ8I++ch1loQ0ljmzhmfZYrH9fflS22i/PQEvsPvxCwxgz5q7UB8K1JO4Q==",
      "dev": true,
      "license": "MIT"
    },
    "node_modules/ieee754": {
      "version": "1.2.1",
      "resolved": "https://registry.npmjs.org/ieee754/-/ieee754-1.2.1.tgz",
      "integrity": "sha512-dcyqhDvX1C46lXZcVqCpK+FtMRQVdIMN6/Df5js2zouUsqG7I6sFxitIC+7KYK29KdXOLHdu9zL4sFnoVQnqaA==",
      "dev": true,
      "funding": [
        {
          "type": "github",
          "url": "https://github.com/sponsors/feross"
        },
        {
          "type": "patreon",
          "url": "https://www.patreon.com/feross"
        },
        {
          "type": "consulting",
          "url": "https://feross.org/support"
        }
      ],
      "license": "BSD-3-Clause"
    },
    "node_modules/jsep": {
      "version": "0.3.5",
      "resolved": "https://registry.npmjs.org/jsep/-/jsep-0.3.5.tgz",
      "integrity": "sha512-AoRLBDc6JNnKjNcmonituEABS5bcfqDhQAWWXNTFrqu6nVXBpBAGfcoTGZMFlIrh9FjmE1CQyX9CTNwZrXMMDA==",
      "dev": true,
      "license": "MIT",
      "engines": {
        "node": ">= 6.0.0"
      }
    },
    "node_modules/minimatch": {
      "version": "10.2.5",
      "resolved": "https://registry.npmjs.org/minimatch/-/minimatch-10.2.5.tgz",
      "integrity": "sha512-MULkVLfKGYDFYejP07QOurDLLQpcjk7Fw+7jXS2R2czRQzR56yHRveU5NDJEOviH+hETZKSkIk5c+T23GjFUMg==",
      "dev": true,
      "license": "BlueOak-1.0.0",
      "dependencies": {
        "brace-expansion": "^5.0.5"
      },
      "engines": {
        "node": "18 || 20 || >=22"
      },
      "funding": {
        "url": "https://github.com/sponsors/isaacs"
      }
    },
    "node_modules/notation": {
      "version": "1.3.6",
      "resolved": "https://registry.npmjs.org/notation/-/notation-1.3.6.tgz",
      "integrity": "sha512-DIuJmrP/Gg1DcXKaApsqcjsJD6jEccqKSfmU3BUx/f1GHsMiTJh70cERwYc64tOmTRTARCeMwkqNNzjh3AHhiw==",
      "dev": true,
      "license": "MIT"
    },
    "node_modules/typescript": {
      "version": "6.0.3",
      "resolved": "https://registry.npmjs.org/typescript/-/typescript-6.0.3.tgz",
      "integrity": "sha512-y2TvuxSZPDyQakkFRPZHKFm+KKVqIisdg9/CZwm9ftvKXLP8NRWj38/ODjNbr43SsoXqNuAisEf1GdCxqWcdBw==",
      "dev": true,
      "license": "Apache-2.0",
      "bin": {
        "tsc": "bin/tsc",
        "tsserver": "bin/tsserver"
      },
      "engines": {
        "node": ">=14.17"
      }
    }
  }
}
